{
  "nodes": {
    "devicons": {
      "flake": false,
      "locked": {
        "lastModified": 1706072160,
        "narHash": "sha256-w038PU9i1onEBo3x4bo1kDz9Fo46Whd8ZJhyIqxz3I8=",
        "owner": "nvim-tree",
        "repo": "nvim-web-devicons",
        "rev": "b427ac5f9dff494f839e81441fb3f04a58cbcfbc",
        "type": "github"
      },
      "original": {
        "owner": "nvim-tree",
        "repo": "nvim-web-devicons",
        "type": "github"
      }
    },
    "dressing": {
      "flake": false,
      "locked": {
        "lastModified": 1706209758,
        "narHash": "sha256-P8XlaiNNbOtkOS2un+pfCOOayOzJ/8uLQFrcFlSW7tQ=",
        "owner": "stevearc",
        "repo": "dressing.nvim",
        "rev": "0e88293ce3459f4bb310125f3366304af6dc7990",
        "type": "github"
      },
      "original": {
        "owner": "stevearc",
        "repo": "dressing.nvim",
        "type": "github"
      }
    },
    "fidget": {
      "flake": false,
      "locked": {
        "lastModified": 1704696337,
        "narHash": "sha256-uAX/RGfOmsUIUaDepNwUpK8MBaTMBJ4rLZ69y0MwpNE=",
        "owner": "j-hui",
        "repo": "fidget.nvim",
        "rev": "3a93300c076109d86c7ce35ec67a8034ae6ba9db",
        "type": "github"
      },
      "original": {
        "owner": "j-hui",
        "repo": "fidget.nvim",
        "type": "github"
      }
    },
    "gen": {
      "flake": false,
      "locked": {
        "lastModified": 1703233104,
        "narHash": "sha256-cNz/yPTTgt1ng4C2BqN4P62FBV7lmDIEmEsdDhfyKHk=",
        "owner": "David-Kunz",
        "repo": "gen.nvim",
        "rev": "41ad952c8269fa7aa3a4b8a5abb44541cb628313",
        "type": "github"
      },
      "original": {
        "owner": "David-Kunz",
        "repo": "gen.nvim",
        "type": "github"
      }
    },
    "gitsigns": {
      "flake": false,
      "locked": {
        "lastModified": 1706203165,
        "narHash": "sha256-G24BAwQR8iENLddXcDXmmME8g+djw6vb28DY8Gh8akY=",
        "owner": "lewis6991",
        "repo": "gitsigns.nvim",
        "rev": "0a2a93f687ec051292943a4d139366332ac93688",
        "type": "github"
      },
      "original": {
        "owner": "lewis6991",
        "repo": "gitsigns.nvim",
        "type": "github"
      }
    },
    "indent-blankline": {
      "flake": false,
      "locked": {
        "lastModified": 1705027513,
        "narHash": "sha256-T0tbTyD9+J7OWcvfrPolrXbjGiXzEXhTtgC9Xj3ANFc=",
        "owner": "lukas-reineke",
        "repo": "indent-blankline.nvim",
        "rev": "12e92044d313c54c438bd786d11684c88f6f78cd",
        "type": "github"
      },
      "original": {
        "owner": "lukas-reineke",
        "repo": "indent-blankline.nvim",
        "type": "github"
      }
    },
    "mini": {
      "flake": false,
      "locked": {
        "lastModified": 1706026513,
        "narHash": "sha256-wsjzvY3YgywDt5lXrxTri5ijepnQT+LWOHwUlUBn9w0=",
        "owner": "echasnovski",
        "repo": "mini.nvim",
        "rev": "1cd8d7e8318071eddc536815f5cafe50b012ac29",
        "type": "github"
      },
      "original": {
        "owner": "echasnovski",
        "repo": "mini.nvim",
        "type": "github"
      }
    },
    "nixpkgs": {
      "locked": {
        "lastModified": 1706006310,
        "narHash": "sha256-nDPz0fj0IFcDhSTlXBU2aixcnGs2Jm4Zcuoj0QtmiXQ=",
        "owner": "NixOS",
        "repo": "nixpkgs",
        "rev": "b43bb235efeab5324c5e486882ef46749188eee2",
        "type": "github"
      },
      "original": {
        "id": "nixpkgs",
        "type": "indirect"
      }
    },
    "nvim-lspconfig": {
      "flake": false,
      "locked": {
        "lastModified": 1705757419,
        "narHash": "sha256-StYsN9C2rV471JkncUR1PFeXs0S15ZGTF1DigSbwOHI=",
        "owner": "neovim",
        "repo": "nvim-lspconfig",
        "rev": "8917d2c830e04bf944a699b8c41f097621283828",
        "type": "github"
      },
      "original": {
        "owner": "neovim",
        "repo": "nvim-lspconfig",
        "type": "github"
      }
    },
    "oceanic-next": {
      "flake": false,
      "locked": {
        "lastModified": 1682948609,
        "narHash": "sha256-f5isbjoGMsLlzWkxQAU2an4lwEiIPuXKAZGyezZlv/M=",
        "owner": "mhartington",
        "repo": "oceanic-next",
        "rev": "09833f72d5ba23de2e8bcae18f479f326f5f677a",
        "type": "github"
      },
      "original": {
        "owner": "mhartington",
        "repo": "oceanic-next",
        "type": "github"
      }
    },
    "oil": {
      "flake": false,
      "locked": {
        "lastModified": 1705897922,
        "narHash": "sha256-4xN8yT6E8nZGuVie/Hhl4ABL9dlwjopCVJkiDKHTkgs=",
        "owner": "stevearc",
        "repo": "oil.nvim",
        "rev": "bf753c3e3f8736939ad5597f92329dfe7b1df4f5",
        "type": "github"
      },
      "original": {
        "owner": "stevearc",
        "repo": "oil.nvim",
        "type": "github"
      }
    },
    "plenary": {
      "flake": false,
      "locked": {
        "lastModified": 1705841956,
        "narHash": "sha256-awRAI1ov9OBt6VuNxk/qjPTSPBYsMJzURKVV+IA7kok=",
        "owner": "nvim-lua",
        "repo": "plenary.nvim",
        "rev": "663246936325062427597964d81d30eaa42ab1e4",
        "type": "github"
      },
      "original": {
        "owner": "nvim-lua",
        "repo": "plenary.nvim",
        "type": "github"
      }
    },
    "root": {
      "inputs": {
        "devicons": "devicons",
        "dressing": "dressing",
        "fidget": "fidget",
        "gen": "gen",
        "gitsigns": "gitsigns",
        "indent-blankline": "indent-blankline",
        "mini": "mini",
        "nixpkgs": "nixpkgs",
        "nvim-lspconfig": "nvim-lspconfig",
        "oceanic-next": "oceanic-next",
        "oil": "oil",
        "plenary": "plenary",
        "schemastore": "schemastore",
        "telescope": "telescope",
        "telescope-file-browser": "telescope-file-browser"
      }
    },
    "schemastore": {
      "flake": false,
      "locked": {
        "lastModified": 1706068841,
        "narHash": "sha256-mgM2pfdlIferPd+WbEp7AXpPjhyu479jmmjQJafFocE=",
        "owner": "b0o",
        "repo": "SchemaStore.nvim",
        "rev": "0550c6d5754dd2a183efc9c238f5524b68860e21",
        "type": "github"
      },
      "original": {
        "owner": "b0o",
        "repo": "SchemaStore.nvim",
        "type": "github"
      }
    },
    "telescope": {
      "flake": false,
      "locked": {
        "lastModified": 1706154992,
        "narHash": "sha256-uagWtwd/L07RRUpSu+kVv0qD+neySSmSrIeFBJ0gZiM=",
        "owner": "nvim-telescope",
        "repo": "telescope.nvim",
        "rev": "1bfbb1fb5c56d2dbe33216fcb2ebe82e499aa06c",
        "type": "github"
      },
      "original": {
        "owner": "nvim-telescope",
        "repo": "telescope.nvim",
        "type": "github"
      }
    },
    "telescope-file-browser": {
      "flake": false,
      "locked": {
        "lastModified": 1705112655,
        "narHash": "sha256-w7O3PsCXTektuOUmjapyEWIPrXhvKNT1jDkNBD9/94I=",
        "owner": "nvim-telescope",
        "repo": "telescope-file-browser.nvim",
        "rev": "6f735a63dc24b9aed527cd505a31864223c8a6d8",
        "type": "github"
      },
      "original": {
        "owner": "nvim-telescope",
        "repo": "telescope-file-browser.nvim",
        "type": "github"
      }
    }
  },
  "root": "root",
  "version": 7
}
