{
  "nodes": {
    "cmp-buffer": {
      "flake": false,
      "locked": {
        "lastModified": 1660101488,
        "narHash": "sha256-dG4U7MtnXThoa/PD+qFtCt76MQ14V1wX8GMYcvxEnbM=",
        "owner": "hrsh7th",
        "repo": "cmp-buffer",
        "rev": "3022dbc9166796b644a841a02de8dd1cc1d311fa",
        "type": "github"
      },
      "original": {
        "owner": "hrsh7th",
        "repo": "cmp-buffer",
        "type": "github"
      }
    },
    "cmp-nvim-lsp": {
      "flake": false,
      "locked": {
        "lastModified": 1702205473,
        "narHash": "sha256-/0sh9vJBD9pUuD7q3tNSQ1YLvxFMNykdg5eG+LjZAA8=",
        "owner": "hrsh7th",
        "repo": "cmp-nvim-lsp",
        "rev": "5af77f54de1b16c34b23cba810150689a3a90312",
        "type": "github"
      },
      "original": {
        "owner": "hrsh7th",
        "repo": "cmp-nvim-lsp",
        "type": "github"
      }
    },
    "cmp-path": {
      "flake": false,
      "locked": {
        "lastModified": 1664784283,
        "narHash": "sha256-thppiiV3wjIaZnAXmsh7j3DUc6ceSCvGzviwFUnoPaI=",
        "owner": "hrsh7th",
        "repo": "cmp-path",
        "rev": "91ff86cd9c29299a64f968ebb45846c485725f23",
        "type": "github"
      },
      "original": {
        "owner": "hrsh7th",
        "repo": "cmp-path",
        "type": "github"
      }
    },
    "copilot-cmp": {
      "flake": false,
      "locked": {
        "lastModified": 1694286652,
        "narHash": "sha256-srgNohm/aJpswNJ5+T7p+zi9Jinp9e5FA8/wdk6VRiY=",
        "owner": "zbirenbaum",
        "repo": "copilot-cmp",
        "rev": "72fbaa03695779f8349be3ac54fa8bd77eed3ee3",
        "type": "github"
      },
      "original": {
        "owner": "zbirenbaum",
        "repo": "copilot-cmp",
        "type": "github"
      }
    },
    "copilot-lua": {
      "flake": false,
      "locked": {
        "lastModified": 1709095198,
        "narHash": "sha256-JX3sdsnOnjkY7r9fCtC2oauo0PXF3SQ+SHUo8ifBvAc=",
        "owner": "zbirenbaum",
        "repo": "copilot.lua",
        "rev": "f7612f5af4a7d7615babf43ab1e67a2d790c13a6",
        "type": "github"
      },
      "original": {
        "owner": "zbirenbaum",
        "repo": "copilot.lua",
        "type": "github"
      }
    },
    "devicons": {
      "flake": false,
      "locked": {
        "lastModified": 1714273430,
        "narHash": "sha256-5ZA5u739cpUQ4GN4JsUIUWbyF7yQPFHmkev8mmvWDjo=",
        "owner": "nvim-tree",
        "repo": "nvim-web-devicons",
        "rev": "27eac98fd6675d29d0e19d4d0622fd7a3968483a",
        "type": "github"
      },
      "original": {
        "owner": "nvim-tree",
        "repo": "nvim-web-devicons",
        "type": "github"
      }
    },
    "dressing": {
      "flake": false,
      "locked": {
        "lastModified": 1713925216,
        "narHash": "sha256-46r7X8CNuMgSB9X1jFLTQAiiBVqszkBP6DPlo6nBAxI=",
        "owner": "stevearc",
        "repo": "dressing.nvim",
        "rev": "5162edb1442a729a885c45455a07e9a89058be2f",
        "type": "github"
      },
      "original": {
        "owner": "stevearc",
        "repo": "dressing.nvim",
        "type": "github"
      }
    },
    "gitsigns": {
      "flake": false,
      "locked": {
        "lastModified": 1713620636,
        "narHash": "sha256-UK3DyvrQ0kLm9wrMQ6tLDoDunoThbY/Yfjn+eCZpuMw=",
        "owner": "lewis6991",
        "repo": "gitsigns.nvim",
        "rev": "035da036e68e509ed158414416c827d022d914bd",
        "type": "github"
      },
      "original": {
        "owner": "lewis6991",
        "repo": "gitsigns.nvim",
        "type": "github"
      }
    },
    "indent-blankline": {
      "flake": false,
      "locked": {
        "lastModified": 1710388427,
        "narHash": "sha256-Xp8ZQBz0in2MX3l0bnLUsSbH0lDPE+QvdmFpBFry5yY=",
        "owner": "lukas-reineke",
        "repo": "indent-blankline.nvim",
        "rev": "3d08501caef2329aba5121b753e903904088f7e6",
        "type": "github"
      },
      "original": {
        "owner": "lukas-reineke",
        "repo": "indent-blankline.nvim",
        "type": "github"
      }
    },
    "lspkind-nvim": {
      "flake": false,
      "locked": {
        "lastModified": 1704982040,
        "narHash": "sha256-/QLdBU/Zwmkw1NGuLBD48tvrmIP9d9WHhgcLEQgRTWo=",
        "owner": "onsails",
        "repo": "lspkind-nvim",
        "rev": "1735dd5a5054c1fb7feaf8e8658dbab925f4f0cf",
        "type": "github"
      },
      "original": {
        "owner": "onsails",
        "repo": "lspkind-nvim",
        "type": "github"
      }
    },
    "mini": {
      "flake": false,
      "locked": {
        "lastModified": 1714306144,
        "narHash": "sha256-BJW+LIKBk9ryS17RdNjGkdHPlHgNr31hIjpdYEdiRXM=",
        "owner": "echasnovski",
        "repo": "mini.nvim",
        "rev": "f75b954473b11dc98a82475d8d1cf4f84560791b",
        "type": "github"
      },
      "original": {
        "owner": "echasnovski",
        "repo": "mini.nvim",
        "type": "github"
      }
    },
    "nixpkgs": {
      "locked": {
        "lastModified": 1714245158,
        "narHash": "sha256-9P2M0+tf1TE7Z5PwDVwhheuD2mFf6/phPr0Jvl7cxcc=",
        "owner": "NixOS",
        "repo": "nixpkgs",
        "rev": "2b1f64b358f2cab62617f26b3870fd0ee375d848",
        "type": "github"
      },
      "original": {
        "id": "nixpkgs",
        "type": "indirect"
      }
    },
    "nvim-cmp": {
      "flake": false,
      "locked": {
        "lastModified": 1713837627,
        "narHash": "sha256-rz+JMd/hsUEDNVan2sCuEGtbsOVi6oRmPtps+7qSXQE=",
        "owner": "hrsh7th",
        "repo": "nvim-cmp",
        "rev": "8f3c541407e691af6163e2447f3af1bd6e17f9a3",
        "type": "github"
      },
      "original": {
        "owner": "hrsh7th",
        "repo": "nvim-cmp",
        "type": "github"
      }
    },
    "nvim-lspconfig": {
      "flake": false,
      "locked": {
        "lastModified": 1714335250,
        "narHash": "sha256-pVymTDXwlme5FDZf0zRXNF/ZV97Mv6iGc788McH8GSQ=",
        "owner": "neovim",
        "repo": "nvim-lspconfig",
        "rev": "3224b099845c24ca456d1e77a9268a788f106f0b",
        "type": "github"
      },
      "original": {
        "owner": "neovim",
        "repo": "nvim-lspconfig",
        "type": "github"
      }
    },
    "oceanic-next": {
      "flake": false,
      "locked": {
        "lastModified": 1682948609,
        "narHash": "sha256-f5isbjoGMsLlzWkxQAU2an4lwEiIPuXKAZGyezZlv/M=",
        "owner": "mhartington",
        "repo": "oceanic-next",
        "rev": "09833f72d5ba23de2e8bcae18f479f326f5f677a",
        "type": "github"
      },
      "original": {
        "owner": "mhartington",
        "repo": "oceanic-next",
        "type": "github"
      }
    },
    "oil": {
      "flake": false,
      "locked": {
        "lastModified": 1713935219,
        "narHash": "sha256-JlA5/qU3U/uAuNt9iVIsIUnULxtxpzoO49ooF8MY3gw=",
        "owner": "stevearc",
        "repo": "oil.nvim",
        "rev": "f3a31eba24587bc038592103d8f7e64648292115",
        "type": "github"
      },
      "original": {
        "owner": "stevearc",
        "repo": "oil.nvim",
        "type": "github"
      }
    },
    "plenary": {
      "flake": false,
      "locked": {
        "lastModified": 1714083960,
        "narHash": "sha256-vy0MXEoSM4rvYpfwbc2PnilvMOA30Urv0FAxjXuvqQ8=",
        "owner": "nvim-lua",
        "repo": "plenary.nvim",
        "rev": "08e301982b9a057110ede7a735dd1b5285eb341f",
        "type": "github"
      },
      "original": {
        "owner": "nvim-lua",
        "repo": "plenary.nvim",
        "type": "github"
      }
    },
    "root": {
      "inputs": {
        "cmp-buffer": "cmp-buffer",
        "cmp-nvim-lsp": "cmp-nvim-lsp",
        "cmp-path": "cmp-path",
        "copilot-cmp": "copilot-cmp",
        "copilot-lua": "copilot-lua",
        "devicons": "devicons",
        "dressing": "dressing",
        "gitsigns": "gitsigns",
        "indent-blankline": "indent-blankline",
        "lspkind-nvim": "lspkind-nvim",
        "mini": "mini",
        "nixpkgs": "nixpkgs",
        "nvim-cmp": "nvim-cmp",
        "nvim-lspconfig": "nvim-lspconfig",
        "oceanic-next": "oceanic-next",
        "oil": "oil",
        "plenary": "plenary",
        "schemastore": "schemastore",
        "telescope": "telescope",
        "telescope-file-browser": "telescope-file-browser"
      }
    },
    "schemastore": {
      "flake": false,
      "locked": {
        "lastModified": 1714284061,
        "narHash": "sha256-lwyhBqp04thrse4xjtXj8JuqKtSNObB3F45zCfvEKDk=",
        "owner": "b0o",
        "repo": "SchemaStore.nvim",
        "rev": "f8b00bba94eab372e0c29605568a7ec323e30620",
        "type": "github"
      },
      "original": {
        "owner": "b0o",
        "repo": "SchemaStore.nvim",
        "type": "github"
      }
    },
    "telescope": {
      "flake": false,
      "locked": {
        "lastModified": 1714091142,
        "narHash": "sha256-AtvZ7b2bg+Iaei4rRzTBYf76vHJH2Yq5tJAJZrZw/pk=",
        "owner": "nvim-telescope",
        "repo": "telescope.nvim",
        "rev": "35f94f0ef32d70e3664a703cefbe71bd1456d899",
        "type": "github"
      },
      "original": {
        "owner": "nvim-telescope",
        "repo": "telescope.nvim",
        "type": "github"
      }
    },
    "telescope-file-browser": {
      "flake": false,
      "locked": {
        "lastModified": 1713833296,
        "narHash": "sha256-P6WR6AohLALn4aU4vPnoBO7QDoRcfcAj51E0K1ldtwU=",
        "owner": "nvim-telescope",
        "repo": "telescope-file-browser.nvim",
        "rev": "4d5fd21bae12ee6e9a79232e1c377f43c419d0c5",
        "type": "github"
      },
      "original": {
        "owner": "nvim-telescope",
        "repo": "telescope-file-browser.nvim",
        "type": "github"
      }
    }
  },
  "root": "root",
  "version": 7
}
