{
  "nodes": {
    "cmp-buffer": {
      "flake": false,
      "locked": {
        "lastModified": 1743497185,
        "narHash": "sha256-dG4U7MtnXThoa/PD+qFtCt76MQ14V1wX8GMYcvxEnbM=",
        "owner": "hrsh7th",
        "repo": "cmp-buffer",
        "rev": "b74fab3656eea9de20a9b8116afa3cfc4ec09657",
        "type": "github"
      },
      "original": {
        "owner": "hrsh7th",
        "repo": "cmp-buffer",
        "type": "github"
      }
    },
    "cmp-nvim-lsp": {
      "flake": false,
      "locked": {
        "lastModified": 1763018865,
        "narHash": "sha256-CYZdfAsJYQyW413fRvNbsS5uayuc6fKDvDLZ2Y7j3ZQ=",
        "owner": "hrsh7th",
        "repo": "cmp-nvim-lsp",
        "rev": "cbc7b02bb99fae35cb42f514762b89b5126651ef",
        "type": "github"
      },
      "original": {
        "owner": "hrsh7th",
        "repo": "cmp-nvim-lsp",
        "type": "github"
      }
    },
    "cmp-path": {
      "flake": false,
      "locked": {
        "lastModified": 1753844861,
        "narHash": "sha256-e4Rd2y1Wekp7aobpTGaUeoSBnlfIASDaBR8js5dh2Vw=",
        "owner": "hrsh7th",
        "repo": "cmp-path",
        "rev": "c642487086dbd9a93160e1679a1327be111cbc25",
        "type": "github"
      },
      "original": {
        "owner": "hrsh7th",
        "repo": "cmp-path",
        "type": "github"
      }
    },
    "copilot-cmp": {
      "flake": false,
      "locked": {
        "lastModified": 1733947099,
        "narHash": "sha256-erRL8bY/zuwuCZfttw+avTrFV7pjv2H6v73NzY2bymM=",
        "owner": "zbirenbaum",
        "repo": "copilot-cmp",
        "rev": "15fc12af3d0109fa76b60b5cffa1373697e261d1",
        "type": "github"
      },
      "original": {
        "owner": "zbirenbaum",
        "repo": "copilot-cmp",
        "type": "github"
      }
    },
    "copilot-lua": {
      "flake": false,
      "locked": {
        "lastModified": 1766207702,
        "narHash": "sha256-879050VUJpWBrHxUA3hRpcYbn3KgBGpVpKLdSVOwbIA=",
        "owner": "zbirenbaum",
        "repo": "copilot.lua",
        "rev": "e78d1ffebdf6ccb6fd8be4e6898030c1cf5f9b64",
        "type": "github"
      },
      "original": {
        "owner": "zbirenbaum",
        "repo": "copilot.lua",
        "type": "github"
      }
    },
    "devicons": {
      "flake": false,
      "locked": {
        "lastModified": 1766287594,
        "narHash": "sha256-ZdFRd0//C0Lle4cYIoAHBdz/yvQqmeylLNwvSifaWm4=",
        "owner": "nvim-tree",
        "repo": "nvim-web-devicons",
        "rev": "6788013bb9cb784e606ada44206b0e755e4323d7",
        "type": "github"
      },
      "original": {
        "owner": "nvim-tree",
        "repo": "nvim-web-devicons",
        "type": "github"
      }
    },
    "dressing": {
      "flake": false,
      "locked": {
        "lastModified": 1739381641,
        "narHash": "sha256-dBz+/gZA6O6fJy/GSgM6ZHGAR3MTGt/W1olzzTYRlgM=",
        "owner": "stevearc",
        "repo": "dressing.nvim",
        "rev": "2d7c2db2507fa3c4956142ee607431ddb2828639",
        "type": "github"
      },
      "original": {
        "owner": "stevearc",
        "repo": "dressing.nvim",
        "type": "github"
      }
    },
    "gitsigns": {
      "flake": false,
      "locked": {
        "lastModified": 1766919453,
        "narHash": "sha256-9hCceCh6YbS9EaT3Zgdy4tQbKZMwo8RmF8xR6djVZl8=",
        "owner": "lewis6991",
        "repo": "gitsigns.nvim",
        "rev": "130beacf8a51f00aede9c31064c749136679a321",
        "type": "github"
      },
      "original": {
        "owner": "lewis6991",
        "repo": "gitsigns.nvim",
        "type": "github"
      }
    },
    "goose": {
      "flake": false,
      "locked": {
        "lastModified": 1766392030,
        "narHash": "sha256-QPhPQbrJjXXE3UFtPTGKugavBVQKCLbi2PoQc1HwSds=",
        "owner": "azorng",
        "repo": "goose.nvim",
        "rev": "23b1ee028e688ca09500aaf9e80b735ad6ec0de6",
        "type": "github"
      },
      "original": {
        "owner": "azorng",
        "repo": "goose.nvim",
        "type": "github"
      }
    },
    "indent-blankline": {
      "flake": false,
      "locked": {
        "lastModified": 1742224677,
        "narHash": "sha256-0q/V+b4UrDRnaC/eRWOi9HU9a61vQSAM9/C8ZQyKt+Y=",
        "owner": "lukas-reineke",
        "repo": "indent-blankline.nvim",
        "rev": "005b56001b2cb30bfa61b7986bc50657816ba4ba",
        "type": "github"
      },
      "original": {
        "owner": "lukas-reineke",
        "repo": "indent-blankline.nvim",
        "type": "github"
      }
    },
    "lspkind-nvim": {
      "flake": false,
      "locked": {
        "lastModified": 1758179657,
        "narHash": "sha256-TVKYttrJrEgKfQaEsVGDQH/1i5vr0B3sJIJ4wtQWzns=",
        "owner": "onsails",
        "repo": "lspkind-nvim",
        "rev": "3ddd1b4edefa425fda5a9f95a4f25578727c0bb3",
        "type": "github"
      },
      "original": {
        "owner": "onsails",
        "repo": "lspkind-nvim",
        "type": "github"
      }
    },
    "mini": {
      "flake": false,
      "locked": {
        "lastModified": 1767023229,
        "narHash": "sha256-j8EnJ0xV8LQ56bbDxg8lQNO8oJ1iRh56w6CUcaPY6X4=",
        "owner": "echasnovski",
        "repo": "mini.nvim",
        "rev": "43ec25063430196d36f5fff5758c9101775f3d57",
        "type": "github"
      },
      "original": {
        "owner": "echasnovski",
        "repo": "mini.nvim",
        "type": "github"
      }
    },
    "nixpkgs": {
      "locked": {
        "lastModified": 1751274312,
        "narHash": "sha256-/bVBlRpECLVzjV19t5KMdMFWSwKLtb5RyXdjz3LJT+g=",
        "owner": "NixOS",
        "repo": "nixpkgs",
        "rev": "50ab793786d9de88ee30ec4e4c24fb4236fc2674",
        "type": "github"
      },
      "original": {
        "owner": "NixOS",
        "ref": "nixos-24.11",
        "repo": "nixpkgs",
        "type": "github"
      }
    },
    "nvim-cmp": {
      "flake": false,
      "locked": {
        "lastModified": 1763258674,
        "narHash": "sha256-Z6F8auKq1jSgGoPhV4RbkB1YTexnolSbEjpa/JJI/Fc=",
        "owner": "hrsh7th",
        "repo": "nvim-cmp",
        "rev": "d97d85e01339f01b842e6ec1502f639b080cb0fc",
        "type": "github"
      },
      "original": {
        "owner": "hrsh7th",
        "repo": "nvim-cmp",
        "type": "github"
      }
    },
    "nvim-lspconfig": {
      "flake": false,
      "locked": {
        "lastModified": 1767081439,
        "narHash": "sha256-qD7cSyGmAJO13nxEZYEr2FMsccJ/21LAw8L93BBTwk0=",
        "owner": "neovim",
        "repo": "nvim-lspconfig",
        "rev": "41ceb6bba3a40128b7841f5b7f5a9dae7201e823",
        "type": "github"
      },
      "original": {
        "owner": "neovim",
        "repo": "nvim-lspconfig",
        "type": "github"
      }
    },
    "oceanic-next": {
      "flake": false,
      "locked": {
        "lastModified": 1682948609,
        "narHash": "sha256-f5isbjoGMsLlzWkxQAU2an4lwEiIPuXKAZGyezZlv/M=",
        "owner": "mhartington",
        "repo": "oceanic-next",
        "rev": "09833f72d5ba23de2e8bcae18f479f326f5f677a",
        "type": "github"
      },
      "original": {
        "owner": "mhartington",
        "repo": "oceanic-next",
        "type": "github"
      }
    },
    "oil": {
      "flake": false,
      "locked": {
        "lastModified": 1767040040,
        "narHash": "sha256-2M2njdsx+yrZrLqwL3i5kT8OtJWa2NmyjBzwvP2TJeQ=",
        "owner": "stevearc",
        "repo": "oil.nvim",
        "rev": "963c8d2c5538c4a896a31f396b8a5a2683e254dc",
        "type": "github"
      },
      "original": {
        "owner": "stevearc",
        "repo": "oil.nvim",
        "type": "github"
      }
    },
    "plenary": {
      "flake": false,
      "locked": {
        "lastModified": 1753570668,
        "narHash": "sha256-9Un7ekhBxcnmFE1xjCCFTZ7eqIbmXvQexpnhduAg4M0=",
        "owner": "nvim-lua",
        "repo": "plenary.nvim",
        "rev": "b9fd5226c2f76c951fc8ed5923d85e4de065e509",
        "type": "github"
      },
      "original": {
        "owner": "nvim-lua",
        "repo": "plenary.nvim",
        "type": "github"
      }
    },
    "root": {
      "inputs": {
        "cmp-buffer": "cmp-buffer",
        "cmp-nvim-lsp": "cmp-nvim-lsp",
        "cmp-path": "cmp-path",
        "copilot-cmp": "copilot-cmp",
        "copilot-lua": "copilot-lua",
        "devicons": "devicons",
        "dressing": "dressing",
        "gitsigns": "gitsigns",
        "goose": "goose",
        "indent-blankline": "indent-blankline",
        "lspkind-nvim": "lspkind-nvim",
        "mini": "mini",
        "nixpkgs": "nixpkgs",
        "nvim-cmp": "nvim-cmp",
        "nvim-lspconfig": "nvim-lspconfig",
        "oceanic-next": "oceanic-next",
        "oil": "oil",
        "plenary": "plenary",
        "schemastore": "schemastore",
        "telescope": "telescope",
        "telescope-file-browser": "telescope-file-browser"
      }
    },
    "schemastore": {
      "flake": false,
      "locked": {
        "lastModified": 1767058137,
        "narHash": "sha256-M/P5lzogRyS++WonInk5atp/jdE9ilL6z2X4g4jqOtE=",
        "owner": "b0o",
        "repo": "SchemaStore.nvim",
        "rev": "1bc1227ee1f5ad02f6796701539e9aaf6c5e77e6",
        "type": "github"
      },
      "original": {
        "owner": "b0o",
        "repo": "SchemaStore.nvim",
        "type": "github"
      }
    },
    "telescope": {
      "flake": false,
      "locked": {
        "lastModified": 1767097926,
        "narHash": "sha256-XLs28MbJXt9y1RqG5FdMOviNAC/++0KV8jjBX7mXMrY=",
        "owner": "nvim-telescope",
        "repo": "telescope.nvim",
        "rev": "3f8109cd21abe9fdb274a09da1e3c176673254b4",
        "type": "github"
      },
      "original": {
        "owner": "nvim-telescope",
        "repo": "telescope.nvim",
        "type": "github"
      }
    },
    "telescope-file-browser": {
      "flake": false,
      "locked": {
        "lastModified": 1754424906,
        "narHash": "sha256-FlJ7w5Ywwq03E0oYdnFJFb+MMUMQMa+5QhDMy2O9tGQ=",
        "owner": "nvim-telescope",
        "repo": "telescope-file-browser.nvim",
        "rev": "3610dc7dc91f06aa98b11dca5cc30dfa98626b7e",
        "type": "github"
      },
      "original": {
        "owner": "nvim-telescope",
        "repo": "telescope-file-browser.nvim",
        "type": "github"
      }
    }
  },
  "root": "root",
  "version": 7
}
